
Microsoft Visual Studio Solution File, Format Version 12.00
# Visual Studio Version 17
VisualStudioVersion = 17.4.33103.184
MinimumVisualStudioVersion = 10.0.40219.1
Project("{8BC9CEB8-8B4A-11D0-8D11-00A0C91BC942}") = "sft", "sft\sft.vcxproj", "{84505A95-D58D-4302-8725-0F3A27AC042B}"
EndProject
Global
	GlobalSection(SolutionConfigurationPlatforms) = preSolution
		Debug|x64 = Debug|x64
		Debug|x86 = Debug|x86
		Release|x64 = Release|x64
		Release|x86 = Release|x86
	EndGlobalSection
	GlobalSection(ProjectConfigurationPlatforms) = postSolution
		{84505A95-D58D-4302-8725-0F3A27AC042B}.Debug|x64.ActiveCfg = Debug|x64
		{84505A95-D58D-4302-8725-0F3A27AC042B}.Debug|x64.Build.0 = Debug|x64
		{84505A95-D58D-4302-8725-0F3A27AC042B}.Debug|x86.ActiveCfg = Debug|Win32
		{84505A95-D58D-4302-8725-0F3A27AC042B}.Debug|x86.Build.0 = Debug|Win32
		{84505A95-D58D-4302-8725-0F3A27AC042B}.Release|x64.ActiveCfg = Release|x64
		{84505A95-D58D-4302-8725-0F3A27AC042B}.Release|x64.Build.0 = Release|x64
		{84505A95-D58D-4302-8725-0F3A27AC042B}.Release|x86.ActiveCfg = Release|Win32
		{84505A95-D58D-4302-8725-0F3A27AC042B}.Release|x86.Build.0 = Release|Win32
	EndGlobalSection
	GlobalSection(SolutionProperties) = preSolution
		HideSolutionNode = FALSE
	EndGlobalSection
	GlobalSection(ExtensibilityGlobals) = postSolution
		SolutionGuid = {9779841C-251F-484A-A92A-8BDE2003CEC6}
	EndGlobalSection
EndGlobal
